
Microsoft Visual Studio Solution File, Format Version 11.00
# Visual Studio 2010
Project("{FAE04EC0-301F-11D3-BF4B-00C04F79EFBC}") = "CustomPlugin", "CustomPlugin\CustomPlugin.csproj", "{B606A6DC-87FC-4324-9A68-65879BF6665E}"
EndProject
Project("{FAE04EC0-301F-11D3-BF4B-00C04F79EFBC}") = "GmailHelper", "GmailHelper\GmailHelper.csproj", "{98FCA5B5-8DEF-44E2-8DEC-ECFD0BCFDCF1}"
EndProject
Global
	GlobalSection(SolutionConfigurationPlatforms) = preSolution
		Debug|Any CPU = Debug|Any CPU
		Debug|Mixed Platforms = Debug|Mixed Platforms
		Debug|x86 = Debug|x86
		Release|Any CPU = Release|Any CPU
		Release|Mixed Platforms = Release|Mixed Platforms
		Release|x86 = Release|x86
	EndGlobalSection
	GlobalSection(ProjectConfigurationPlatforms) = postSolution
		{B606A6DC-87FC-4324-9A68-65879BF6665E}.Debug|Any CPU.ActiveCfg = Debug|Any CPU
		{B606A6DC-87FC-4324-9A68-65879BF6665E}.Debug|Any CPU.Build.0 = Debug|Any CPU
		{B606A6DC-87FC-4324-9A68-65879BF6665E}.Debug|Mixed Platforms.ActiveCfg = Debug|Any CPU
		{B606A6DC-87FC-4324-9A68-65879BF6665E}.Debug|Mixed Platforms.Build.0 = Debug|Any CPU
		{B606A6DC-87FC-4324-9A68-65879BF6665E}.Debug|x86.ActiveCfg = Debug|Any CPU
		{B606A6DC-87FC-4324-9A68-65879BF6665E}.Release|Any CPU.ActiveCfg = Release|Any CPU
		{B606A6DC-87FC-4324-9A68-65879BF6665E}.Release|Any CPU.Build.0 = Release|Any CPU
		{B606A6DC-87FC-4324-9A68-65879BF6665E}.Release|Mixed Platforms.ActiveCfg = Release|Any CPU
		{B606A6DC-87FC-4324-9A68-65879BF6665E}.Release|Mixed Platforms.Build.0 = Release|Any CPU
		{B606A6DC-87FC-4324-9A68-65879BF6665E}.Release|x86.ActiveCfg = Release|Any CPU
		{98FCA5B5-8DEF-44E2-8DEC-ECFD0BCFDCF1}.Debug|Any CPU.ActiveCfg = Debug|Any CPU
		{98FCA5B5-8DEF-44E2-8DEC-ECFD0BCFDCF1}.Debug|Any CPU.Build.0 = Debug|Any CPU
		{98FCA5B5-8DEF-44E2-8DEC-ECFD0BCFDCF1}.Debug|Mixed Platforms.ActiveCfg = Debug|Any CPU
		{98FCA5B5-8DEF-44E2-8DEC-ECFD0BCFDCF1}.Debug|Mixed Platforms.Build.0 = Debug|Any CPU
		{98FCA5B5-8DEF-44E2-8DEC-ECFD0BCFDCF1}.Debug|x86.ActiveCfg = Debug|Any CPU
		{98FCA5B5-8DEF-44E2-8DEC-ECFD0BCFDCF1}.Release|Any CPU.ActiveCfg = Release|Any CPU
		{98FCA5B5-8DEF-44E2-8DEC-ECFD0BCFDCF1}.Release|Any CPU.Build.0 = Release|Any CPU
		{98FCA5B5-8DEF-44E2-8DEC-ECFD0BCFDCF1}.Release|Mixed Platforms.ActiveCfg = Release|Any CPU
		{98FCA5B5-8DEF-44E2-8DEC-ECFD0BCFDCF1}.Release|Mixed Platforms.Build.0 = Release|Any CPU
		{98FCA5B5-8DEF-44E2-8DEC-ECFD0BCFDCF1}.Release|x86.ActiveCfg = Release|Any CPU
	EndGlobalSection
	GlobalSection(SolutionProperties) = preSolution
		HideSolutionNode = FALSE
	EndGlobalSection
EndGlobal
